
Microsoft Visual Studio Solution File, Format Version 12.00
# Visual Studio 15
VisualStudioVersion = 15.0.27130.2036
MinimumVisualStudioVersion = 10.0.40219.1
Project("{2150E333-8FDC-42A3-9474-1A3956D46DE8}") = "0.Tests", "0.Tests", "{B4A9722A-DEF8-4E53-A78E-ECBDB6FDC147}"
EndProject
Project("{2150E333-8FDC-42A3-9474-1A3956D46DE8}") = "1.Repositories", "1.Repositories", "{90405EEF-B280-4B90-9A85-570605B62450}"
EndProject
Project("{2150E333-8FDC-42A3-9474-1A3956D46DE8}") = "2.API", "2.API", "{A780131F-3F09-4BD9-9A07-A724576ECCBC}"
EndProject
Project("{9A19103F-16F7-4668-BE54-9A1E7A4F7556}") = "TouristAttractions.API", "TouristAttractions\TouristAttractions.API\TouristAttractions.API.csproj", "{5A655EE1-4131-4EE6-93F7-B430A0719DB2}"
EndProject
Project("{9A19103F-16F7-4668-BE54-9A1E7A4F7556}") = "TouristAttractions.API.Common", "TouristAttractions\TouristAttractions.API.Common\TouristAttractions.API.Common.csproj", "{3DA5A74D-927B-46E4-B34E-4049460810AF}"
EndProject
Project("{9A19103F-16F7-4668-BE54-9A1E7A4F7556}") = "TouristAttractions.API.DataContracts", "TouristAttractions\TouristAttractions.API.DataContracts\TouristAttractions.API.DataContracts.csproj", "{C1ACAE18-3E26-487B-8894-5581AAD478F0}"
EndProject
Project("{9A19103F-16F7-4668-BE54-9A1E7A4F7556}") = "TouristAttractions.IoC.Configuration", "TouristAttractions\TouristAttractions.IoC.Configuration\TouristAttractions.IoC.Configuration.csproj", "{D5369A80-488F-47E0-96E6-B37A48FD312A}"
EndProject
Project("{9A19103F-16F7-4668-BE54-9A1E7A4F7556}") = "TouristAttractions.Services", "TouristAttractions\TouristAttractions.Services\TouristAttractions.Services.csproj", "{0A307AA5-FDA8-43E5-9E2B-5A8BD3C8CF36}"
EndProject
Project("{9A19103F-16F7-4668-BE54-9A1E7A4F7556}") = "TouristAttractions.Repositories", "TouristAttractions.Repositories\TouristAttractions.Repositories.csproj", "{35FDD1F4-A6F0-47AB-9BB9-CD10F3287F30}"
EndProject
Project("{FAE04EC0-301F-11D3-BF4B-00C04F79EFBC}") = "UnitTesting", "UnitTesting\UnitTesting.csproj", "{DC0C501C-2265-4774-B8D6-3394658EBEB6}"
EndProject
Global
	GlobalSection(SolutionConfigurationPlatforms) = preSolution
		Debug|Any CPU = Debug|Any CPU
		Release|Any CPU = Release|Any CPU
	EndGlobalSection
	GlobalSection(ProjectConfigurationPlatforms) = postSolution
		{5A655EE1-4131-4EE6-93F7-B430A0719DB2}.Debug|Any CPU.ActiveCfg = Debug|Any CPU
		{5A655EE1-4131-4EE6-93F7-B430A0719DB2}.Debug|Any CPU.Build.0 = Debug|Any CPU
		{5A655EE1-4131-4EE6-93F7-B430A0719DB2}.Release|Any CPU.ActiveCfg = Release|Any CPU
		{5A655EE1-4131-4EE6-93F7-B430A0719DB2}.Release|Any CPU.Build.0 = Release|Any CPU
		{3DA5A74D-927B-46E4-B34E-4049460810AF}.Debug|Any CPU.ActiveCfg = Debug|Any CPU
		{3DA5A74D-927B-46E4-B34E-4049460810AF}.Debug|Any CPU.Build.0 = Debug|Any CPU
		{3DA5A74D-927B-46E4-B34E-4049460810AF}.Release|Any CPU.ActiveCfg = Release|Any CPU
		{3DA5A74D-927B-46E4-B34E-4049460810AF}.Release|Any CPU.Build.0 = Release|Any CPU
		{C1ACAE18-3E26-487B-8894-5581AAD478F0}.Debug|Any CPU.ActiveCfg = Debug|Any CPU
		{C1ACAE18-3E26-487B-8894-5581AAD478F0}.Debug|Any CPU.Build.0 = Debug|Any CPU
		{C1ACAE18-3E26-487B-8894-5581AAD478F0}.Release|Any CPU.ActiveCfg = Release|Any CPU
		{C1ACAE18-3E26-487B-8894-5581AAD478F0}.Release|Any CPU.Build.0 = Release|Any CPU
		{D5369A80-488F-47E0-96E6-B37A48FD312A}.Debug|Any CPU.ActiveCfg = Debug|Any CPU
		{D5369A80-488F-47E0-96E6-B37A48FD312A}.Debug|Any CPU.Build.0 = Debug|Any CPU
		{D5369A80-488F-47E0-96E6-B37A48FD312A}.Release|Any CPU.ActiveCfg = Release|Any CPU
		{D5369A80-488F-47E0-96E6-B37A48FD312A}.Release|Any CPU.Build.0 = Release|Any CPU
		{0A307AA5-FDA8-43E5-9E2B-5A8BD3C8CF36}.Debug|Any CPU.ActiveCfg = Debug|Any CPU
		{0A307AA5-FDA8-43E5-9E2B-5A8BD3C8CF36}.Debug|Any CPU.Build.0 = Debug|Any CPU
		{0A307AA5-FDA8-43E5-9E2B-5A8BD3C8CF36}.Release|Any CPU.ActiveCfg = Release|Any CPU
		{0A307AA5-FDA8-43E5-9E2B-5A8BD3C8CF36}.Release|Any CPU.Build.0 = Release|Any CPU
		{35FDD1F4-A6F0-47AB-9BB9-CD10F3287F30}.Debug|Any CPU.ActiveCfg = Debug|Any CPU
		{35FDD1F4-A6F0-47AB-9BB9-CD10F3287F30}.Debug|Any CPU.Build.0 = Debug|Any CPU
		{35FDD1F4-A6F0-47AB-9BB9-CD10F3287F30}.Release|Any CPU.ActiveCfg = Release|Any CPU
		{35FDD1F4-A6F0-47AB-9BB9-CD10F3287F30}.Release|Any CPU.Build.0 = Release|Any CPU
		{DC0C501C-2265-4774-B8D6-3394658EBEB6}.Debug|Any CPU.ActiveCfg = Debug|Any CPU
		{DC0C501C-2265-4774-B8D6-3394658EBEB6}.Debug|Any CPU.Build.0 = Debug|Any CPU
		{DC0C501C-2265-4774-B8D6-3394658EBEB6}.Release|Any CPU.ActiveCfg = Release|Any CPU
		{DC0C501C-2265-4774-B8D6-3394658EBEB6}.Release|Any CPU.Build.0 = Release|Any CPU
	EndGlobalSection
	GlobalSection(SolutionProperties) = preSolution
		HideSolutionNode = FALSE
	EndGlobalSection
	GlobalSection(NestedProjects) = preSolution
		{5A655EE1-4131-4EE6-93F7-B430A0719DB2} = {A780131F-3F09-4BD9-9A07-A724576ECCBC}
		{3DA5A74D-927B-46E4-B34E-4049460810AF} = {A780131F-3F09-4BD9-9A07-A724576ECCBC}
		{C1ACAE18-3E26-487B-8894-5581AAD478F0} = {A780131F-3F09-4BD9-9A07-A724576ECCBC}
		{D5369A80-488F-47E0-96E6-B37A48FD312A} = {A780131F-3F09-4BD9-9A07-A724576ECCBC}
		{0A307AA5-FDA8-43E5-9E2B-5A8BD3C8CF36} = {A780131F-3F09-4BD9-9A07-A724576ECCBC}
		{35FDD1F4-A6F0-47AB-9BB9-CD10F3287F30} = {90405EEF-B280-4B90-9A85-570605B62450}
		{DC0C501C-2265-4774-B8D6-3394658EBEB6} = {B4A9722A-DEF8-4E53-A78E-ECBDB6FDC147}
	EndGlobalSection
	GlobalSection(ExtensibilityGlobals) = postSolution
		SolutionGuid = {CF1401F6-B792-450A-A1E9-4D48B37C8FF7}
	EndGlobalSection
EndGlobal
